<?xml version="1.0" encoding="utf-8"?>
<Project ToolsVersion="4.0" xmlns="http://schemas.microsoft.com/developer/msbuild/2003">
  <ItemGroup>
    <Filter Include="源文件">
      <UniqueIdentifier>{4FC737F1-C7A5-4376-A066-2A32D752A2FF}</UniqueIdentifier>
      <Extensions>cpp;c;cc;cxx;def;odl;idl;hpj;bat;asm;asmx</Extensions>
    </Filter>
    <Filter Include="头文件">
      <UniqueIdentifier>{93995380-89BD-4b04-88EB-625FBE52EBFB}</UniqueIdentifier>
      <Extensions>h;hh;hpp;hxx;hm;inl;inc;xsd</Extensions>
    </Filter>
    <Filter Include="资源文件">
      <UniqueIdentifier>{67DA6AB6-F800-4c08-8B7A-83BB121AAD01}</UniqueIdentifier>
      <Extensions>rc;ico;cur;bmp;dlg;rc2;rct;bin;rgs;gif;jpg;jpeg;jpe;resx;tiff;tif;png;wav;mfcribbon-ms</Extensions>
    </Filter>
    <Filter Include="wtf">
      <UniqueIdentifier>{4e0a0e8b-903c-4cc1-9a99-e5ba95f6bd92}</UniqueIdentifier>
    </Filter>
    <Filter Include="wtf\text">
      <UniqueIdentifier>{012a76ea-747c-450e-9796-5b771da288f0}</UniqueIdentifier>
    </Filter>
    <Filter Include="wtf\text\qt4">
      <UniqueIdentifier>{ae1d99fd-12b5-44b4-9a88-217a2e6a2cc6}</UniqueIdentifier>
    </Filter>
    <Filter Include="platform">
      <UniqueIdentifier>{c8548354-073a-4881-be64-00b302d056ae}</UniqueIdentifier>
    </Filter>
    <Filter Include="platform\heap">
      <UniqueIdentifier>{7350256c-f04c-48bc-b6f5-5eff1e5383a0}</UniqueIdentifier>
    </Filter>
    <Filter Include="web">
      <UniqueIdentifier>{33c8c9c0-c955-4735-b3e9-21433bb57fa6}</UniqueIdentifier>
    </Filter>
    <Filter Include="platform\asm">
      <UniqueIdentifier>{5f31c1d6-bc18-479e-a221-7a51edb33e37}</UniqueIdentifier>
    </Filter>
  </ItemGroup>
  <ItemGroup>
    <Text Include="ReadMe.txt" />
  </ItemGroup>
  <ItemGroup>
    <ClInclude Include="stdafx.h">
      <Filter>头文件</Filter>
    </ClInclude>
    <ClInclude Include="targetver.h">
      <Filter>头文件</Filter>
    </ClInclude>
    <ClInclude Include="Resource.h">
      <Filter>头文件</Filter>
    </ClInclude>
    <ClInclude Include="blinkgc.h">
      <Filter>头文件</Filter>
    </ClInclude>
    <ClInclude Include="..\wtf\AddressSpaceRandomization.h">
      <Filter>wtf</Filter>
    </ClInclude>
    <ClInclude Include="..\wtf\Alignment.h">
      <Filter>wtf</Filter>
    </ClInclude>
    <ClInclude Include="..\wtf\ArrayBuffer.h">
      <Filter>wtf</Filter>
    </ClInclude>
    <ClInclude Include="..\wtf\ArrayBufferBuilder.h">
      <Filter>wtf</Filter>
    </ClInclude>
    <ClInclude Include="..\wtf\ArrayBufferContents.h">
      <Filter>wtf</Filter>
    </ClInclude>
    <ClInclude Include="..\wtf\ArrayBufferView.h">
      <Filter>wtf</Filter>
    </ClInclude>
    <ClInclude Include="..\wtf\ArrayPiece.h">
      <Filter>wtf</Filter>
    </ClInclude>
    <ClInclude Include="..\wtf\ASCIICType.h">
      <Filter>wtf</Filter>
    </ClInclude>
    <ClInclude Include="..\wtf\Assertions.h">
      <Filter>wtf</Filter>
    </ClInclude>
    <ClInclude Include="..\wtf\Atomics.h">
      <Filter>wtf</Filter>
    </ClInclude>
    <ClInclude Include="..\wtf\BitArray.h">
      <Filter>wtf</Filter>
    </ClInclude>
    <ClInclude Include="..\wtf\BitVector.h">
      <Filter>wtf</Filter>
    </ClInclude>
    <ClInclude Include="..\wtf\BitwiseOperations.h">
      <Filter>wtf</Filter>
    </ClInclude>
    <ClInclude Include="..\wtf\BloomFilter.h">
      <Filter>wtf</Filter>
    </ClInclude>
    <ClInclude Include="..\wtf\ByteOrder.h">
      <Filter>wtf</Filter>
    </ClInclude>
    <ClInclude Include="..\wtf\ByteSwap.h">
      <Filter>wtf</Filter>
    </ClInclude>
    <ClInclude Include="..\wtf\CheckedArithmetic.h">
      <Filter>wtf</Filter>
    </ClInclude>
    <ClInclude Include="..\wtf\Compiler.h">
      <Filter>wtf</Filter>
    </ClInclude>
    <ClInclude Include="..\wtf\ConditionalDestructor.h">
      <Filter>wtf</Filter>
    </ClInclude>
    <ClInclude Include="..\wtf\ContainerAnnotations.h">
      <Filter>wtf</Filter>
    </ClInclude>
    <ClInclude Include="..\wtf\CPU.h">
      <Filter>wtf</Filter>
    </ClInclude>
    <ClInclude Include="..\wtf\CryptographicallyRandomNumber.h">
      <Filter>wtf</Filter>
    </ClInclude>
    <ClInclude Include="..\wtf\CurrentTime.h">
      <Filter>wtf</Filter>
    </ClInclude>
    <ClInclude Include="..\wtf\DataLog.h">
      <Filter>wtf</Filter>
    </ClInclude>
    <ClInclude Include="..\wtf\DateMath.h">
      <Filter>wtf</Filter>
    </ClInclude>
    <ClInclude Include="..\wtf\DefaultAllocator.h">
      <Filter>wtf</Filter>
    </ClInclude>
    <ClInclude Include="..\wtf\Deque.h">
      <Filter>wtf</Filter>
    </ClInclude>
    <ClInclude Include="..\wtf\DoublyLinkedList.h">
      <Filter>wtf</Filter>
    </ClInclude>
    <ClInclude Include="..\wtf\dtoa.h">
      <Filter>wtf</Filter>
    </ClInclude>
    <ClInclude Include="..\wtf\DynamicAnnotations.h">
      <Filter>wtf</Filter>
    </ClInclude>
    <ClInclude Include="..\wtf\FastAllocBase.h">
      <Filter>wtf</Filter>
    </ClInclude>
    <ClInclude Include="..\wtf\FastMalloc.h">
      <Filter>wtf</Filter>
    </ClInclude>
    <ClInclude Include="..\wtf\FilePrintStream.h">
      <Filter>wtf</Filter>
    </ClInclude>
    <ClInclude Include="..\wtf\Float32Array.h">
      <Filter>wtf</Filter>
    </ClInclude>
    <ClInclude Include="..\wtf\Float64Array.h">
      <Filter>wtf</Filter>
    </ClInclude>
    <ClInclude Include="..\wtf\Forward.h">
      <Filter>wtf</Filter>
    </ClInclude>
    <ClInclude Include="..\wtf\Functional.h">
      <Filter>wtf</Filter>
    </ClInclude>
    <ClInclude Include="..\wtf\GetPtr.h">
      <Filter>wtf</Filter>
    </ClInclude>
    <ClInclude Include="..\wtf\HashCountedSet.h">
      <Filter>wtf</Filter>
    </ClInclude>
    <ClInclude Include="..\wtf\HashFunctions.h">
      <Filter>wtf</Filter>
    </ClInclude>
    <ClInclude Include="..\wtf\HashIterators.h">
      <Filter>wtf</Filter>
    </ClInclude>
    <ClInclude Include="..\wtf\HashMap.h">
      <Filter>wtf</Filter>
    </ClInclude>
    <ClInclude Include="..\wtf\HashSet.h">
      <Filter>wtf</Filter>
    </ClInclude>
    <ClInclude Include="..\wtf\HashTable.h">
      <Filter>wtf</Filter>
    </ClInclude>
    <ClInclude Include="..\wtf\HashTableDeletedValueType.h">
      <Filter>wtf</Filter>
    </ClInclude>
    <ClInclude Include="..\wtf\HashTraits.h">
      <Filter>wtf</Filter>
    </ClInclude>
    <ClInclude Include="..\wtf\HexNumber.h">
      <Filter>wtf</Filter>
    </ClInclude>
    <ClInclude Include="..\wtf\InstanceCounter.h">
      <Filter>wtf</Filter>
    </ClInclude>
    <ClInclude Include="..\wtf\Int8Array.h">
      <Filter>wtf</Filter>
    </ClInclude>
    <ClInclude Include="..\wtf\Int16Array.h">
      <Filter>wtf</Filter>
    </ClInclude>
    <ClInclude Include="..\wtf\Int32Array.h">
      <Filter>wtf</Filter>
    </ClInclude>
    <ClInclude Include="..\wtf\IntegralTypedArrayBase.h">
      <Filter>wtf</Filter>
    </ClInclude>
    <ClInclude Include="..\wtf\LeakAnnotations.h">
      <Filter>wtf</Filter>
    </ClInclude>
    <ClInclude Include="..\wtf\LinkedHashSet.h">
      <Filter>wtf</Filter>
    </ClInclude>
    <ClInclude Include="..\wtf\LinkedStack.h">
      <Filter>wtf</Filter>
    </ClInclude>
    <ClInclude Include="..\wtf\ListHashSet.h">
      <Filter>wtf</Filter>
    </ClInclude>
    <ClInclude Include="..\wtf\Locker.h">
      <Filter>wtf</Filter>
    </ClInclude>
    <ClInclude Include="..\wtf\MainThread.h">
      <Filter>wtf</Filter>
    </ClInclude>
    <ClInclude Include="..\wtf\MathExtras.h">
      <Filter>wtf</Filter>
    </ClInclude>
    <ClInclude Include="..\wtf\MessageQueue.h">
      <Filter>wtf</Filter>
    </ClInclude>
    <ClInclude Include="..\wtf\Noncopyable.h">
      <Filter>wtf</Filter>
    </ClInclude>
    <ClInclude Include="..\wtf\NonCopyingSort.h">
      <Filter>wtf</Filter>
    </ClInclude>
    <ClInclude Include="..\wtf\NotFound.h">
      <Filter>wtf</Filter>
    </ClInclude>
    <ClInclude Include="..\wtf\NullPtr.h">
      <Filter>wtf</Filter>
    </ClInclude>
    <ClInclude Include="..\wtf\Optional.h">
      <Filter>wtf</Filter>
    </ClInclude>
    <ClInclude Include="..\wtf\OwnPtr.h">
      <Filter>wtf</Filter>
    </ClInclude>
    <ClInclude Include="..\wtf\OwnPtrCommon.h">
      <Filter>wtf</Filter>
    </ClInclude>
    <ClInclude Include="..\wtf\PageAllocator.h">
      <Filter>wtf</Filter>
    </ClInclude>
    <ClInclude Include="..\wtf\PartitionAlloc.h">
      <Filter>wtf</Filter>
    </ClInclude>
    <ClInclude Include="..\wtf\Partitions.h">
      <Filter>wtf</Filter>
    </ClInclude>
    <ClInclude Include="..\wtf\PassOwnPtr.h">
      <Filter>wtf</Filter>
    </ClInclude>
    <ClInclude Include="..\wtf\PassRefPtr.h">
      <Filter>wtf</Filter>
    </ClInclude>
    <ClInclude Include="..\wtf\PassTraits.h">
      <Filter>wtf</Filter>
    </ClInclude>
    <ClInclude Include="..\wtf\PrintStream.h">
      <Filter>wtf</Filter>
    </ClInclude>
    <ClInclude Include="..\wtf\RawPtr.h">
      <Filter>wtf</Filter>
    </ClInclude>
    <ClInclude Include="..\wtf\RefCounted.h">
      <Filter>wtf</Filter>
    </ClInclude>
    <ClInclude Include="..\wtf\RefCountedLeakCounter.h">
      <Filter>wtf</Filter>
    </ClInclude>
    <ClInclude Include="..\wtf\RefPtr.h">
      <Filter>wtf</Filter>
    </ClInclude>
    <ClInclude Include="..\wtf\RefVector.h">
      <Filter>wtf</Filter>
    </ClInclude>
    <ClInclude Include="..\wtf\RetainPtr.h">
      <Filter>wtf</Filter>
    </ClInclude>
    <ClInclude Include="..\wtf\SaturatedArithmetic.h">
      <Filter>wtf</Filter>
    </ClInclude>
    <ClInclude Include="..\wtf\SpinLock.h">
      <Filter>wtf</Filter>
    </ClInclude>
    <ClInclude Include="..\wtf\StaticConstructors.h">
      <Filter>wtf</Filter>
    </ClInclude>
    <ClInclude Include="..\wtf\StdLibExtras.h">
      <Filter>wtf</Filter>
    </ClInclude>
    <ClInclude Include="..\wtf\StreamBuffer.h">
      <Filter>wtf</Filter>
    </ClInclude>
    <ClInclude Include="..\wtf\StringExtras.h">
      <Filter>wtf</Filter>
    </ClInclude>
    <ClInclude Include="..\wtf\StringHasher.h">
      <Filter>wtf</Filter>
    </ClInclude>
    <ClInclude Include="..\wtf\TemporaryChange.h">
      <Filter>wtf</Filter>
    </ClInclude>
    <ClInclude Include="..\wtf\TerminatedArray.h">
      <Filter>wtf</Filter>
    </ClInclude>
    <ClInclude Include="..\wtf\TerminatedArrayBuilder.h">
      <Filter>wtf</Filter>
    </ClInclude>
    <ClInclude Include="..\wtf\Threading.h">
      <Filter>wtf</Filter>
    </ClInclude>
    <ClInclude Include="..\wtf\ThreadingPrimitives.h">
      <Filter>wtf</Filter>
    </ClInclude>
    <ClInclude Include="..\wtf\ThreadRestrictionVerifier.h">
      <Filter>wtf</Filter>
    </ClInclude>
    <ClInclude Include="..\wtf\ThreadSafeRefCounted.h">
      <Filter>wtf</Filter>
    </ClInclude>
    <ClInclude Include="..\wtf\ThreadSpecific.h">
      <Filter>wtf</Filter>
    </ClInclude>
    <ClInclude Include="..\wtf\TreeNode.h">
      <Filter>wtf</Filter>
    </ClInclude>
    <ClInclude Include="..\wtf\TriState.h">
      <Filter>wtf</Filter>
    </ClInclude>
    <ClInclude Include="..\wtf\TypedArrayBase.h">
      <Filter>wtf</Filter>
    </ClInclude>
    <ClInclude Include="..\wtf\TypeTraits.h">
      <Filter>wtf</Filter>
    </ClInclude>
    <ClInclude Include="..\wtf\Uint8Array.h">
      <Filter>wtf</Filter>
    </ClInclude>
    <ClInclude Include="..\wtf\Uint8ClampedArray.h">
      <Filter>wtf</Filter>
    </ClInclude>
    <ClInclude Include="..\wtf\Uint16Array.h">
      <Filter>wtf</Filter>
    </ClInclude>
    <ClInclude Include="..\wtf\Uint32Array.h">
      <Filter>wtf</Filter>
    </ClInclude>
    <ClInclude Include="..\wtf\Utility.h">
      <Filter>wtf</Filter>
    </ClInclude>
    <ClInclude Include="..\wtf\Vector.h">
      <Filter>wtf</Filter>
    </ClInclude>
    <ClInclude Include="..\wtf\VectorTraits.h">
      <Filter>wtf</Filter>
    </ClInclude>
    <ClInclude Include="..\wtf\WeakPtr.h">
      <Filter>wtf</Filter>
    </ClInclude>
    <ClInclude Include="..\wtf\WTF.h">
      <Filter>wtf</Filter>
    </ClInclude>
    <ClInclude Include="..\wtf\WTFExport.h">
      <Filter>wtf</Filter>
    </ClInclude>
    <ClInclude Include="..\wtf\WTFThreadData.h">
      <Filter>wtf</Filter>
    </ClInclude>
    <ClInclude Include="..\wtf\AddressSanitizer.h">
      <Filter>wtf</Filter>
    </ClInclude>
    <ClInclude Include="..\wtf\text\AtomicString.h">
      <Filter>wtf\text</Filter>
    </ClInclude>
    <ClInclude Include="..\wtf\text\AtomicStringHash.h">
      <Filter>wtf\text</Filter>
    </ClInclude>
    <ClInclude Include="..\wtf\text\Base64.h">
      <Filter>wtf\text</Filter>
    </ClInclude>
    <ClInclude Include="..\wtf\text\CharacterNames.h">
      <Filter>wtf\text</Filter>
    </ClInclude>
    <ClInclude Include="..\wtf\text\Collator.h">
      <Filter>wtf\text</Filter>
    </ClInclude>
    <ClInclude Include="..\wtf\text\CString.h">
      <Filter>wtf\text</Filter>
    </ClInclude>
    <ClInclude Include="..\wtf\text\IntegerToStringConversion.h">
      <Filter>wtf\text</Filter>
    </ClInclude>
    <ClInclude Include="..\wtf\text\StringBuffer.h">
      <Filter>wtf\text</Filter>
    </ClInclude>
    <ClInclude Include="..\wtf\text\StringBuilder.h">
      <Filter>wtf\text</Filter>
    </ClInclude>
    <ClInclude Include="..\wtf\text\StringConcatenate.h">
      <Filter>wtf\text</Filter>
    </ClInclude>
    <ClInclude Include="..\wtf\text\StringHash.h">
      <Filter>wtf\text</Filter>
    </ClInclude>
    <ClInclude Include="..\wtf\text\StringImpl.h">
      <Filter>wtf\text</Filter>
    </ClInclude>
    <ClInclude Include="..\wtf\text\StringOperators.h">
      <Filter>wtf\text</Filter>
    </ClInclude>
    <ClInclude Include="..\wtf\text\StringStatics.h">
      <Filter>wtf\text</Filter>
    </ClInclude>
    <ClInclude Include="..\wtf\text\StringUTF8Adaptor.h">
      <Filter>wtf\text</Filter>
    </ClInclude>
    <ClInclude Include="..\wtf\text\StringView.h">
      <Filter>wtf\text</Filter>
    </ClInclude>
    <ClInclude Include="..\wtf\text\TextCodec.h">
      <Filter>wtf\text</Filter>
    </ClInclude>
    <ClInclude Include="..\wtf\text\TextCodecASCIIFastPath.h">
      <Filter>wtf\text</Filter>
    </ClInclude>
    <ClInclude Include="..\wtf\text\TextCodecICU.h">
      <Filter>wtf\text</Filter>
    </ClInclude>
    <ClInclude Include="..\wtf\text\TextCodecLatin1.h">
      <Filter>wtf\text</Filter>
    </ClInclude>
    <ClInclude Include="..\wtf\text\TextCodecReplacement.h">
      <Filter>wtf\text</Filter>
    </ClInclude>
    <ClInclude Include="..\wtf\text\TextCodecUserDefined.h">
      <Filter>wtf\text</Filter>
    </ClInclude>
    <ClInclude Include="..\wtf\text\TextCodecUTF8.h">
      <Filter>wtf\text</Filter>
    </ClInclude>
    <ClInclude Include="..\wtf\text\TextCodecUTF16.h">
      <Filter>wtf\text</Filter>
    </ClInclude>
    <ClInclude Include="..\wtf\text\TextEncoding.h">
      <Filter>wtf\text</Filter>
    </ClInclude>
    <ClInclude Include="..\wtf\text\TextEncodingRegistry.h">
      <Filter>wtf\text</Filter>
    </ClInclude>
    <ClInclude Include="..\wtf\text\TextPosition.h">
      <Filter>wtf\text</Filter>
    </ClInclude>
    <ClInclude Include="..\wtf\text\Unicode.h">
      <Filter>wtf\text</Filter>
    </ClInclude>
    <ClInclude Include="..\wtf\text\UTF8.h">
      <Filter>wtf\text</Filter>
    </ClInclude>
    <ClInclude Include="..\wtf\text\WTFString.h">
      <Filter>wtf\text</Filter>
    </ClInclude>
    <ClInclude Include="..\wtf\text\WTFStringUtil.h">
      <Filter>wtf\text</Filter>
    </ClInclude>
    <ClInclude Include="..\wtf\text\ASCIIFastPath.h">
      <Filter>wtf\text</Filter>
    </ClInclude>
    <ClInclude Include="..\wtf\text\qt4\UnicodeQt4.h">
      <Filter>wtf\text\qt4</Filter>
    </ClInclude>
    <ClInclude Include="..\wtf\text\qt4\QChar.h">
      <Filter>wtf\text\qt4</Filter>
    </ClInclude>
    <ClInclude Include="..\wtf\text\qt4\QString.h">
      <Filter>wtf\text\qt4</Filter>
    </ClInclude>
    <ClInclude Include="..\wtf\text\qt4\QtGlobal.h">
      <Filter>wtf\text\qt4</Filter>
    </ClInclude>
    <ClInclude Include="..\wtf\text\qt4\qunicodetables.h">
      <Filter>wtf\text\qt4</Filter>
    </ClInclude>
    <ClInclude Include="..\wtf\text\qt4\UnicodeMacrosFromICU.h">
      <Filter>wtf\text\qt4</Filter>
    </ClInclude>
    <ClInclude Include="..\config.h">
      <Filter>头文件</Filter>
    </ClInclude>
    <ClInclude Include="..\platform\heap\TraceTraits.h">
      <Filter>platform\heap</Filter>
    </ClInclude>
    <ClInclude Include="..\platform\heap\Visitor.h">
      <Filter>platform\heap</Filter>
    </ClInclude>
    <ClInclude Include="..\platform\heap\CallbackStack.h">
      <Filter>platform\heap</Filter>
    </ClInclude>
    <ClInclude Include="..\platform\heap\GarbageCollected.h">
      <Filter>platform\heap</Filter>
    </ClInclude>
    <ClInclude Include="..\platform\heap\GCInfo.h">
      <Filter>platform\heap</Filter>
    </ClInclude>
    <ClInclude Include="..\platform\heap\Handle.h">
      <Filter>platform\heap</Filter>
    </ClInclude>
    <ClInclude Include="..\platform\heap\Heap.h">
      <Filter>platform\heap</Filter>
    </ClInclude>
    <ClInclude Include="..\platform\heap\HeapAllocator.h">
      <Filter>platform\heap</Filter>
    </ClInclude>
    <ClInclude Include="..\platform\heap\HeapLinkedStack.h">
      <Filter>platform\heap</Filter>
    </ClInclude>
    <ClInclude Include="..\platform\heap\HeapTerminatedArray.h">
      <Filter>platform\heap</Filter>
    </ClInclude>
    <ClInclude Include="..\platform\heap\HeapTerminatedArrayBuilder.h">
      <Filter>platform\heap</Filter>
    </ClInclude>
    <ClInclude Include="..\platform\heap\InlinedGlobalMarkingVisitor.h">
      <Filter>platform\heap</Filter>
    </ClInclude>
    <ClInclude Include="..\platform\heap\MarkingVisitor.h">
      <Filter>platform\heap</Filter>
    </ClInclude>
    <ClInclude Include="..\platform\heap\MarkingVisitorImpl.h">
      <Filter>platform\heap</Filter>
    </ClInclude>
    <ClInclude Include="..\platform\heap\PageMemory.h">
      <Filter>platform\heap</Filter>
    </ClInclude>
    <ClInclude Include="..\platform\heap\PagePool.h">
      <Filter>platform\heap</Filter>
    </ClInclude>
    <ClInclude Include="..\platform\heap\PersistentNode.h">
      <Filter>platform\heap</Filter>
    </ClInclude>
    <ClInclude Include="..\platform\heap\SafePoint.h">
      <Filter>platform\heap</Filter>
    </ClInclude>
    <ClInclude Include="..\platform\heap\StackFrameDepth.h">
      <Filter>platform\heap</Filter>
    </ClInclude>
    <ClInclude Include="..\platform\heap\ThreadingTraits.h">
      <Filter>platform\heap</Filter>
    </ClInclude>
    <ClInclude Include="..\platform\heap\ThreadState.h">
      <Filter>platform\heap</Filter>
    </ClInclude>
    <ClInclude Include="..\platform\ScriptForbiddenScope.h">
      <Filter>platform</Filter>
    </ClInclude>
    <ClInclude Include="..\platform\Task.h">
      <Filter>platform</Filter>
    </ClInclude>
    <ClInclude Include="..\platform\traceevent.h">
      <Filter>platform</Filter>
    </ClInclude>
    <ClInclude Include="..\platform\PlatformExport.h">
      <Filter>platform</Filter>
    </ClInclude>
    <ClInclude Include="..\platform\Platform.h">
      <Filter>platform</Filter>
    </ClInclude>
    <ClInclude Include="..\platform\heap\BlinkGCMemoryDumpProvider.h">
      <Filter>platform\heap</Filter>
    </ClInclude>
    <ClInclude Include="..\web\WebThreadImpl.h">
      <Filter>web</Filter>
    </ClInclude>
    <ClInclude Include="..\web\WebTimerBase.h">
      <Filter>web</Filter>
    </ClInclude>
    <ClInclude Include="..\web\WebSchedulerImpl.h">
      <Filter>web</Filter>
    </ClInclude>
    <ClInclude Include="..\web\CurrentTimeImpl.h">
      <Filter>web</Filter>
    </ClInclude>
    <ClInclude Include="..\web\WebKit.h">
      <Filter>web</Filter>
    </ClInclude>
  </ItemGroup>
  <ItemGroup>
    <ClCompile Include="blinkgc.cpp">
      <Filter>源文件</Filter>
    </ClCompile>
    <ClCompile Include="..\wtf\ArrayBuffer.cpp">
      <Filter>wtf</Filter>
    </ClCompile>
    <ClCompile Include="..\wtf\ArrayBufferBuilder.cpp">
      <Filter>wtf</Filter>
    </ClCompile>
    <ClCompile Include="..\wtf\ArrayBufferContents.cpp">
      <Filter>wtf</Filter>
    </ClCompile>
    <ClCompile Include="..\wtf\ArrayBufferView.cpp">
      <Filter>wtf</Filter>
    </ClCompile>
    <ClCompile Include="..\wtf\ArrayPiece.cpp">
      <Filter>wtf</Filter>
    </ClCompile>
    <ClCompile Include="..\wtf\Assertions.cpp">
      <Filter>wtf</Filter>
    </ClCompile>
    <ClCompile Include="..\wtf\BitVector.cpp">
      <Filter>wtf</Filter>
    </ClCompile>
    <ClCompile Include="..\wtf\CryptographicallyRandomNumber.cpp">
      <Filter>wtf</Filter>
    </ClCompile>
    <ClCompile Include="..\wtf\CurrentTime.cpp">
      <Filter>wtf</Filter>
    </ClCompile>
    <ClCompile Include="..\wtf\DataLog.cpp">
      <Filter>wtf</Filter>
    </ClCompile>
    <ClCompile Include="..\wtf\DateMath.cpp">
      <Filter>wtf</Filter>
    </ClCompile>
    <ClCompile Include="..\wtf\DefaultAllocator.cpp">
      <Filter>wtf</Filter>
    </ClCompile>
    <ClCompile Include="..\wtf\DynamicAnnotations.cpp">
      <Filter>wtf</Filter>
    </ClCompile>
    <ClCompile Include="..\wtf\FastMalloc.cpp">
      <Filter>wtf</Filter>
    </ClCompile>
    <ClCompile Include="..\wtf\HashTable.cpp">
      <Filter>wtf</Filter>
    </ClCompile>
    <ClCompile Include="..\wtf\InstanceCounter.cpp">
      <Filter>wtf</Filter>
    </ClCompile>
    <ClCompile Include="..\wtf\MainThread.cpp">
      <Filter>wtf</Filter>
    </ClCompile>
    <ClCompile Include="..\wtf\PageAllocator.cpp">
      <Filter>wtf</Filter>
    </ClCompile>
    <ClCompile Include="..\wtf\PartitionAlloc.cpp">
      <Filter>wtf</Filter>
    </ClCompile>
    <ClCompile Include="..\wtf\Partitions.cpp">
      <Filter>wtf</Filter>
    </ClCompile>
    <ClCompile Include="..\wtf\PrintStream.cpp">
      <Filter>wtf</Filter>
    </ClCompile>
    <ClCompile Include="..\wtf\RefCountedLeakCounter.cpp">
      <Filter>wtf</Filter>
    </ClCompile>
    <ClCompile Include="..\wtf\SizeLimits.cpp">
      <Filter>wtf</Filter>
    </ClCompile>
    <ClCompile Include="..\wtf\ThreadingPthreads.cpp">
      <Filter>wtf</Filter>
    </ClCompile>
    <ClCompile Include="..\wtf\ThreadingWin.cpp">
      <Filter>wtf</Filter>
    </ClCompile>
    <ClCompile Include="..\wtf\ThreadSpecificWin.cpp">
      <Filter>wtf</Filter>
    </ClCompile>
    <ClCompile Include="..\wtf\TypeTraits.cpp">
      <Filter>wtf</Filter>
    </ClCompile>
    <ClCompile Include="..\wtf\WTF.cpp">
      <Filter>wtf</Filter>
    </ClCompile>
    <ClCompile Include="..\wtf\WTFThreadData.cpp">
      <Filter>wtf</Filter>
    </ClCompile>
    <ClCompile Include="..\wtf\AddressSpaceRandomization.cpp">
      <Filter>wtf</Filter>
    </ClCompile>
    <ClCompile Include="..\wtf\text\AtomicString.cpp">
      <Filter>wtf\text</Filter>
    </ClCompile>
    <ClCompile Include="..\wtf\text\Base64.cpp">
      <Filter>wtf\text</Filter>
    </ClCompile>
    <ClCompile Include="..\wtf\text\CString.cpp">
      <Filter>wtf\text</Filter>
    </ClCompile>
    <ClCompile Include="..\wtf\text\StringBuilder.cpp">
      <Filter>wtf\text</Filter>
    </ClCompile>
    <ClCompile Include="..\wtf\text\StringConcatenate.cpp">
      <Filter>wtf\text</Filter>
    </ClCompile>
    <ClCompile Include="..\wtf\text\StringImpl.cpp">
      <Filter>wtf\text</Filter>
    </ClCompile>
    <ClCompile Include="..\wtf\text\StringImplCF.cpp">
      <Filter>wtf\text</Filter>
    </ClCompile>
    <ClCompile Include="..\wtf\text\StringStatics.cpp">
      <Filter>wtf\text</Filter>
    </ClCompile>
    <ClCompile Include="..\wtf\text\TextCodec.cpp">
      <Filter>wtf\text</Filter>
    </ClCompile>
    <ClCompile Include="..\wtf\text\TextCodecLatin1.cpp">
      <Filter>wtf\text</Filter>
    </ClCompile>
    <ClCompile Include="..\wtf\text\TextCodecReplacement.cpp">
      <Filter>wtf\text</Filter>
    </ClCompile>
    <ClCompile Include="..\wtf\text\TextCodecUserDefined.cpp">
      <Filter>wtf\text</Filter>
    </ClCompile>
    <ClCompile Include="..\wtf\text\TextCodecUTF8.cpp">
      <Filter>wtf\text</Filter>
    </ClCompile>
    <ClCompile Include="..\wtf\text\TextCodecUTF16.cpp">
      <Filter>wtf\text</Filter>
    </ClCompile>
    <ClCompile Include="..\wtf\text\TextPosition.cpp">
      <Filter>wtf\text</Filter>
    </ClCompile>
    <ClCompile Include="..\wtf\text\UTF8.cpp">
      <Filter>wtf\text</Filter>
    </ClCompile>
    <ClCompile Include="..\wtf\text\WTFString.cpp">
      <Filter>wtf\text</Filter>
    </ClCompile>
    <ClCompile Include="..\wtf\text\WTFStringUtil.cpp">
      <Filter>wtf\text</Filter>
    </ClCompile>
    <ClCompile Include="..\wtf\text\qt4\UnicodeQt4.cpp">
      <Filter>wtf\text\qt4</Filter>
    </ClCompile>
    <ClCompile Include="..\config.cpp">
      <Filter>源文件</Filter>
    </ClCompile>
    <ClCompile Include="..\platform\heap\CallbackStack.cpp">
      <Filter>platform\heap</Filter>
    </ClCompile>
    <ClCompile Include="..\platform\heap\GCInfo.cpp">
      <Filter>platform\heap</Filter>
    </ClCompile>
    <ClCompile Include="..\platform\heap\Heap.cpp">
      <Filter>platform\heap</Filter>
    </ClCompile>
    <ClCompile Include="..\platform\heap\HeapAllocator.cpp">
      <Filter>platform\heap</Filter>
    </ClCompile>
    <ClCompile Include="..\platform\heap\PagePool.cpp">
      <Filter>platform\heap</Filter>
    </ClCompile>
    <ClCompile Include="..\platform\heap\PersistentNode.cpp">
      <Filter>platform\heap</Filter>
    </ClCompile>
    <ClCompile Include="..\platform\heap\SafePoint.cpp">
      <Filter>platform\heap</Filter>
    </ClCompile>
    <ClCompile Include="..\platform\heap\StackFrameDepth.cpp">
      <Filter>platform\heap</Filter>
    </ClCompile>
    <ClCompile Include="..\platform\heap\ThreadState.cpp">
      <Filter>platform\heap</Filter>
    </ClCompile>
    <ClCompile Include="..\platform\ScriptForbiddenScope.cpp">
      <Filter>platform</Filter>
    </ClCompile>
    <ClCompile Include="..\platform\heap\BlinkGCMemoryDumpProvider.cpp">
      <Filter>platform\heap</Filter>
    </ClCompile>
    <ClCompile Include="..\web\WebTimerBase.cpp">
      <Filter>web</Filter>
    </ClCompile>
    <ClCompile Include="..\web\WebSchedulerImpl.cpp">
      <Filter>web</Filter>
    </ClCompile>
    <ClCompile Include="..\web\WebThreadImpl.cpp">
      <Filter>web</Filter>
    </ClCompile>
    <ClCompile Include="..\platform\Platform.cpp">
      <Filter>platform</Filter>
    </ClCompile>
    <ClCompile Include="..\web\WebScheduler.cpp">
      <Filter>web</Filter>
    </ClCompile>
    <ClCompile Include="..\web\WebTraceLocation.cpp">
      <Filter>web</Filter>
    </ClCompile>
    <ClCompile Include="..\web\WebMemoryDumpProvider.cpp">
      <Filter>web</Filter>
    </ClCompile>
    <ClCompile Include="..\web\WebKit.cpp">
      <Filter>web</Filter>
    </ClCompile>
    <ClCompile Include="..\web\CurrentTimeImpl.cpp">
      <Filter>web</Filter>
    </ClCompile>
    <ClCompile Include="..\platform\asm\SaveRegisters_x86.cpp">
      <Filter>platform\asm</Filter>
    </ClCompile>
  </ItemGroup>
  <ItemGroup>
    <ResourceCompile Include="blinkgc.rc">
      <Filter>资源文件</Filter>
    </ResourceCompile>
  </ItemGroup>
  <ItemGroup>
    <Image Include="small.ico">
      <Filter>资源文件</Filter>
    </Image>
    <Image Include="blinkgc.ico">
      <Filter>资源文件</Filter>
    </Image>
  </ItemGroup>
  <ItemGroup>
    <None Include="..\wtf\BUILD.gn">
      <Filter>wtf</Filter>
    </None>
    <None Include="..\wtf\CONTRIBUTORS.pthreads-win32">
      <Filter>wtf</Filter>
    </None>
    <None Include="..\wtf\OWNERS">
      <Filter>wtf</Filter>
    </None>
    <None Include="..\wtf\text\StringImplMac.mm">
      <Filter>wtf\text</Filter>
    </None>
    <None Include="..\wtf\text\StringMac.mm">
      <Filter>wtf\text</Filter>
    </None>
  </ItemGroup>
</Project>